
Microsoft Visual Studio Solution File, Format Version 12.00
# Visual Studio 15
VisualStudioVersion = 15.0.28307.2092
MinimumVisualStudioVersion = 10.0.40219.1
Project("{FAE04EC0-301F-11D3-BF4B-00C04F79EFBC}") = "888repair", "888repair\888repair.csproj", "{74BB0641-C0EF-421B-8AF2-AD7E70EE8686}"
EndProject
Global
	GlobalSection(SolutionConfigurationPlatforms) = preSolution
		Debug|Any CPU = Debug|Any CPU
		Release|Any CPU = Release|Any CPU
	EndGlobalSection
	GlobalSection(ProjectConfigurationPlatforms) = postSolution
		{74BB0641-C0EF-421B-8AF2-AD7E70EE8686}.Debug|Any CPU.ActiveCfg = Debug|Any CPU
		{74BB0641-C0EF-421B-8AF2-AD7E70EE8686}.Debug|Any CPU.Build.0 = Debug|Any CPU
		{74BB0641-C0EF-421B-8AF2-AD7E70EE8686}.Release|Any CPU.ActiveCfg = Release|Any CPU
		{74BB0641-C0EF-421B-8AF2-AD7E70EE8686}.Release|Any CPU.Build.0 = Release|Any CPU
	EndGlobalSection
	GlobalSection(SolutionProperties) = preSolution
		HideSolutionNode = FALSE
	EndGlobalSection
	GlobalSection(ExtensibilityGlobals) = postSolution
		SolutionGuid = {FFAD6DD1-96A5-4F63-9AD2-BBA943FFFC99}
	EndGlobalSection
EndGlobal
